
Microsoft Visual Studio Solution File, Format Version 12.00
# Visual Studio 15
VisualStudioVersion = 15.0.28307.1738
MinimumVisualStudioVersion = 10.0.40219.1
Project("{FAE04EC0-301F-11D3-BF4B-00C04F79EFBC}") = "ContactManager", "ContactManager\ContactManager.csproj", "{5C037C61-2309-4257-8EE7-32829FD1C116}"
EndProject
Global
	GlobalSection(SolutionConfigurationPlatforms) = preSolution
		Debug|Any CPU = Debug|Any CPU
		Release|Any CPU = Release|Any CPU
	EndGlobalSection
	GlobalSection(ProjectConfigurationPlatforms) = postSolution
		{5C037C61-2309-4257-8EE7-32829FD1C116}.Debug|Any CPU.ActiveCfg = Debug|Any CPU
		{5C037C61-2309-4257-8EE7-32829FD1C116}.Debug|Any CPU.Build.0 = Debug|Any CPU
		{5C037C61-2309-4257-8EE7-32829FD1C116}.Release|Any CPU.ActiveCfg = Release|Any CPU
		{5C037C61-2309-4257-8EE7-32829FD1C116}.Release|Any CPU.Build.0 = Release|Any CPU
	EndGlobalSection
	GlobalSection(SolutionProperties) = preSolution
		HideSolutionNode = FALSE
	EndGlobalSection
	GlobalSection(ExtensibilityGlobals) = postSolution
		SolutionGuid = {DDD43F4B-6215-4331-A609-BFB08D7D3A0C}
	EndGlobalSection
EndGlobal
